
Microsoft Visual Studio Solution File, Format Version 12.00
# Visual Studio Version 16
VisualStudioVersion = 16.0.29418.71
MinimumVisualStudioVersion = 10.0.40219.1
Project("{888888A0-9F3D-457C-B088-3A5042F75D52}") = "ICTGrader", "ICTGrader\ICTGrader.pyproj", "{4671A308-6917-4A10-B465-09D67F58613C}"
EndProject
Global
	GlobalSection(SolutionConfigurationPlatforms) = preSolution
		Debug|Any CPU = Debug|Any CPU
		Release|Any CPU = Release|Any CPU
	EndGlobalSection
	GlobalSection(ProjectConfigurationPlatforms) = postSolution
		{4671A308-6917-4A10-B465-09D67F58613C}.Debug|Any CPU.ActiveCfg = Debug|Any CPU
		{4671A308-6917-4A10-B465-09D67F58613C}.Release|Any CPU.ActiveCfg = Release|Any CPU
	EndGlobalSection
	GlobalSection(SolutionProperties) = preSolution
		HideSolutionNode = FALSE
	EndGlobalSection
	GlobalSection(ExtensibilityGlobals) = postSolution
		SolutionGuid = {BB7D6B48-0603-4AC2-A377-56238CE9A329}
	EndGlobalSection
EndGlobal
