
Microsoft Visual Studio Solution File, Format Version 12.00
# Visual Studio Version 16
VisualStudioVersion = 16.0.29418.71
MinimumVisualStudioVersion = 10.0.40219.1
Project("{888888A0-9F3D-457C-B088-3A5042F75D52}") = "PyGame", "PyGame\PyGame.pyproj", "{82815999-5ECC-43AA-872E-81FDCA2FBFB1}"
EndProject
Global
	GlobalSection(SolutionConfigurationPlatforms) = preSolution
		Debug|Any CPU = Debug|Any CPU
		Release|Any CPU = Release|Any CPU
	EndGlobalSection
	GlobalSection(ProjectConfigurationPlatforms) = postSolution
		{82815999-5ECC-43AA-872E-81FDCA2FBFB1}.Debug|Any CPU.ActiveCfg = Debug|Any CPU
		{82815999-5ECC-43AA-872E-81FDCA2FBFB1}.Release|Any CPU.ActiveCfg = Release|Any CPU
	EndGlobalSection
	GlobalSection(SolutionProperties) = preSolution
		HideSolutionNode = FALSE
	EndGlobalSection
	GlobalSection(ExtensibilityGlobals) = postSolution
		SolutionGuid = {5D01C80C-3B2C-4CF1-88FC-63C58FCB2A2F}
	EndGlobalSection
EndGlobal
