
Microsoft Visual Studio Solution File, Format Version 12.00
# Visual Studio Version 16
VisualStudioVersion = 16.0.29411.108
MinimumVisualStudioVersion = 10.0.40219.1
Project("{888888A0-9F3D-457C-B088-3A5042F75D52}") = "NumberListThing", "NumberListThing\NumberListThing.pyproj", "{06BC0898-2E10-473B-9689-16856849450A}"
EndProject
Global
	GlobalSection(SolutionConfigurationPlatforms) = preSolution
		Debug|Any CPU = Debug|Any CPU
		Release|Any CPU = Release|Any CPU
	EndGlobalSection
	GlobalSection(ProjectConfigurationPlatforms) = postSolution
		{06BC0898-2E10-473B-9689-16856849450A}.Debug|Any CPU.ActiveCfg = Debug|Any CPU
		{06BC0898-2E10-473B-9689-16856849450A}.Release|Any CPU.ActiveCfg = Release|Any CPU
	EndGlobalSection
	GlobalSection(SolutionProperties) = preSolution
		HideSolutionNode = FALSE
	EndGlobalSection
	GlobalSection(ExtensibilityGlobals) = postSolution
		SolutionGuid = {295EA352-3056-43C2-B277-6A90D46B39AB}
	EndGlobalSection
EndGlobal
