
Microsoft Visual Studio Solution File, Format Version 12.00
# Visual Studio Version 16
VisualStudioVersion = 16.0.29418.71
MinimumVisualStudioVersion = 10.0.40219.1
Project("{888888A0-9F3D-457C-B088-3A5042F75D52}") = "RemoveUser", "RemoveUser\RemoveUser.pyproj", "{503AF364-2AE4-4CD1-B323-82EEBCB214BE}"
EndProject
Global
	GlobalSection(SolutionConfigurationPlatforms) = preSolution
		Debug|Any CPU = Debug|Any CPU
		Release|Any CPU = Release|Any CPU
	EndGlobalSection
	GlobalSection(ProjectConfigurationPlatforms) = postSolution
		{503AF364-2AE4-4CD1-B323-82EEBCB214BE}.Debug|Any CPU.ActiveCfg = Debug|Any CPU
		{503AF364-2AE4-4CD1-B323-82EEBCB214BE}.Release|Any CPU.ActiveCfg = Release|Any CPU
	EndGlobalSection
	GlobalSection(SolutionProperties) = preSolution
		HideSolutionNode = FALSE
	EndGlobalSection
	GlobalSection(ExtensibilityGlobals) = postSolution
		SolutionGuid = {529832A4-513B-44A4-B284-6EB203F627BD}
	EndGlobalSection
EndGlobal
