
Microsoft Visual Studio Solution File, Format Version 12.00
# Visual Studio Version 16
VisualStudioVersion = 16.0.29411.108
MinimumVisualStudioVersion = 10.0.40219.1
Project("{888888A0-9F3D-457C-B088-3A5042F75D52}") = "WorkingWithLists", "WorkingWithLists\WorkingWithLists.pyproj", "{68B54306-1462-494E-9582-2AE6FC852A04}"
EndProject
Global
	GlobalSection(SolutionConfigurationPlatforms) = preSolution
		Debug|Any CPU = Debug|Any CPU
		Release|Any CPU = Release|Any CPU
	EndGlobalSection
	GlobalSection(ProjectConfigurationPlatforms) = postSolution
		{68B54306-1462-494E-9582-2AE6FC852A04}.Debug|Any CPU.ActiveCfg = Debug|Any CPU
		{68B54306-1462-494E-9582-2AE6FC852A04}.Release|Any CPU.ActiveCfg = Release|Any CPU
	EndGlobalSection
	GlobalSection(SolutionProperties) = preSolution
		HideSolutionNode = FALSE
	EndGlobalSection
	GlobalSection(ExtensibilityGlobals) = postSolution
		SolutionGuid = {797A8AB1-97E1-4CB8-8425-AFE11B92CC6F}
	EndGlobalSection
EndGlobal
